
Microsoft Visual Studio Solution File, Format Version 12.00
Project("{FAE04EC0-301F-11D3-BF4B-00C04F79EFBC}") = "osu.Desktop.Deploy", "osu.Desktop.Deploy.csproj", "{75DC89A6-6BE5-4D32-8151-2A552413533F}"
EndProject
Global
	GlobalSection(SolutionConfigurationPlatforms) = preSolution
		Debug|Any CPU = Debug|Any CPU
		Release|Any CPU = Release|Any CPU
	EndGlobalSection
	GlobalSection(ProjectConfigurationPlatforms) = postSolution
		{75DC89A6-6BE5-4D32-8151-2A552413533F}.Debug|Any CPU.ActiveCfg = Debug|Any CPU
		{75DC89A6-6BE5-4D32-8151-2A552413533F}.Debug|Any CPU.Build.0 = Debug|Any CPU
		{75DC89A6-6BE5-4D32-8151-2A552413533F}.Release|Any CPU.ActiveCfg = Release|Any CPU
		{75DC89A6-6BE5-4D32-8151-2A552413533F}.Release|Any CPU.Build.0 = Release|Any CPU
	EndGlobalSection
EndGlobal
